
Microsoft Visual Studio Solution File, Format Version 12.00
# Visual Studio 15
VisualStudioVersion = 15.0.27703.2035
MinimumVisualStudioVersion = 10.0.40219.1
Project("{FAE04EC0-301F-11D3-BF4B-00C04F79EFBC}") = "ComputerVision", "ComputerVision\ComputerVision.csproj", "{D9F0E598-A6FD-48C8-A10D-B02929E48D5A}"
EndProject
Global
	GlobalSection(SolutionConfigurationPlatforms) = preSolution
		Debug|Any CPU = Debug|Any CPU
		Release|Any CPU = Release|Any CPU
	EndGlobalSection
	GlobalSection(ProjectConfigurationPlatforms) = postSolution
		{D9F0E598-A6FD-48C8-A10D-B02929E48D5A}.Debug|Any CPU.ActiveCfg = Debug|Any CPU
		{D9F0E598-A6FD-48C8-A10D-B02929E48D5A}.Debug|Any CPU.Build.0 = Debug|Any CPU
		{D9F0E598-A6FD-48C8-A10D-B02929E48D5A}.Release|Any CPU.ActiveCfg = Release|Any CPU
		{D9F0E598-A6FD-48C8-A10D-B02929E48D5A}.Release|Any CPU.Build.0 = Release|Any CPU
	EndGlobalSection
	GlobalSection(SolutionProperties) = preSolution
		HideSolutionNode = FALSE
	EndGlobalSection
	GlobalSection(ExtensibilityGlobals) = postSolution
		SolutionGuid = {1FEA270A-EC41-4E66-AC61-3E4AE82C561F}
	EndGlobalSection
EndGlobal
